{
  "originHash" : "3bf03d72d49fd989b1d41137093af7ded410b9a36b20aa65c721ace56461c80b",
  "pins" : [
    {
      "identity" : "capacitor-swift-pm",
      "kind" : "remoteSourceControl",
      "location" : "https://github.com/ionic-team/capacitor-swift-pm.git",
      "state" : {
        "revision" : "9b9fb0af76b2b653f6e9b999f658adc132b9ab4c",
        "version" : "8.4.2"
      }
    },
    {
      "identity" : "ion-ios-camera",
      "kind" : "remoteSourceControl",
      "location" : "https://github.com/ionic-team/ion-ios-camera.git",
      "state" : {
        "revision" : "9068b2cc9584bfa118c185b8032bbebb3a4a2174",
        "version" : "1.0.5"
      }
    }
  ],
  "version" : 3
}
